
Microsoft Visual Studio Solution File, Format Version 12.00
# Visual Studio Version 17
VisualStudioVersion = 17.0.31903.59
MinimumVisualStudioVersion = 10.0.40219.1
Project("{2150E333-8FDC-42A3-9474-1A3956D46DE8}") = "src", "src", "{34FEEAFA-147A-451D-9A87-1906E703F214}"
EndProject
Project("{2150E333-8FDC-42A3-9474-1A3956D46DE8}") = "Core", "Core", "{64B39D62-C520-4217-8C5A-3F957EBBCA46}"
EndProject
Project("{FAE04EC0-301F-11D3-BF4B-00C04F79EFBC}") = "RickAndMortyWiki.Application", "src\Core\RickAndMortyWiki.Application\RickAndMortyWiki.Application.csproj", "{B78094DF-FA88-4997-9F94-929F5953772D}"
EndProject
Project("{FAE04EC0-301F-11D3-BF4B-00C04F79EFBC}") = "RickAndMortyWiki.Domain", "src\Core\RickAndMortyWiki.Domain\RickAndMortyWiki.Domain.csproj", "{C0586EFB-F033-4DC4-BF08-63E6E518FE7A}"
EndProject
Project("{2150E333-8FDC-42A3-9474-1A3956D46DE8}") = "Presentation", "Presentation", "{D783D82F-4E33-4195-9F6E-E7EB92750F7E}"
EndProject
Project("{FAE04EC0-301F-11D3-BF4B-00C04F79EFBC}") = "RickAndMortyWiki", "src\Presentation\RickAndMortyWiki\RickAndMortyWiki.csproj", "{75A25A70-F4A0-463C-89C0-AE4DDBF570D0}"
EndProject
Global
	GlobalSection(SolutionConfigurationPlatforms) = preSolution
		Debug|Any CPU = Debug|Any CPU
		Release|Any CPU = Release|Any CPU
	EndGlobalSection
	GlobalSection(SolutionProperties) = preSolution
		HideSolutionNode = FALSE
	EndGlobalSection
	GlobalSection(ProjectConfigurationPlatforms) = postSolution
		{B78094DF-FA88-4997-9F94-929F5953772D}.Debug|Any CPU.ActiveCfg = Debug|Any CPU
		{B78094DF-FA88-4997-9F94-929F5953772D}.Debug|Any CPU.Build.0 = Debug|Any CPU
		{B78094DF-FA88-4997-9F94-929F5953772D}.Release|Any CPU.ActiveCfg = Release|Any CPU
		{B78094DF-FA88-4997-9F94-929F5953772D}.Release|Any CPU.Build.0 = Release|Any CPU
		{C0586EFB-F033-4DC4-BF08-63E6E518FE7A}.Debug|Any CPU.ActiveCfg = Debug|Any CPU
		{C0586EFB-F033-4DC4-BF08-63E6E518FE7A}.Debug|Any CPU.Build.0 = Debug|Any CPU
		{C0586EFB-F033-4DC4-BF08-63E6E518FE7A}.Release|Any CPU.ActiveCfg = Release|Any CPU
		{C0586EFB-F033-4DC4-BF08-63E6E518FE7A}.Release|Any CPU.Build.0 = Release|Any CPU
		{75A25A70-F4A0-463C-89C0-AE4DDBF570D0}.Debug|Any CPU.ActiveCfg = Debug|Any CPU
		{75A25A70-F4A0-463C-89C0-AE4DDBF570D0}.Debug|Any CPU.Build.0 = Debug|Any CPU
		{75A25A70-F4A0-463C-89C0-AE4DDBF570D0}.Release|Any CPU.ActiveCfg = Release|Any CPU
		{75A25A70-F4A0-463C-89C0-AE4DDBF570D0}.Release|Any CPU.Build.0 = Release|Any CPU
	EndGlobalSection
	GlobalSection(NestedProjects) = preSolution
		{64B39D62-C520-4217-8C5A-3F957EBBCA46} = {34FEEAFA-147A-451D-9A87-1906E703F214}
		{B78094DF-FA88-4997-9F94-929F5953772D} = {64B39D62-C520-4217-8C5A-3F957EBBCA46}
		{C0586EFB-F033-4DC4-BF08-63E6E518FE7A} = {64B39D62-C520-4217-8C5A-3F957EBBCA46}
		{D783D82F-4E33-4195-9F6E-E7EB92750F7E} = {34FEEAFA-147A-451D-9A87-1906E703F214}
		{75A25A70-F4A0-463C-89C0-AE4DDBF570D0} = {D783D82F-4E33-4195-9F6E-E7EB92750F7E}
	EndGlobalSection
EndGlobal
